{
  "version": 4,
  "terraform_version": "1.5.7",
  "serial": 15,
  "lineage": "9dc389c8-e5ec-8afa-765b-9f43855b6a91",
  "outputs": {
    "disk_ids": {
      "value": {
        "disk_1": "fhmmk012qcvi8rfgpfra",
        "disk_2": "fhmfbmj0od56kprd1igf"
      },
      "type": [
        "object",
        {
          "disk_1": "string",
          "disk_2": "string"
        }
      ]
    },
    "external_ip_address_vm_1": {
      "value": "158.160.123.3",
      "type": "string"
    },
    "external_ip_address_vm_2": {
      "value": "178.154.241.134",
      "type": "string"
    },
    "internal_ip_address_vm_1": {
      "value": "192.168.10.18",
      "type": "string"
    },
    "internal_ip_address_vm_2": {
      "value": "192.168.10.33",
      "type": "string"
    },
    "network_id": {
      "value": "enp02l9mia720jo4n821",
      "type": "string"
    },
    "subnet_id": {
      "value": "e9b3q3h6lk357cd1ljal",
      "type": "string"
    },
    "vm_1_id": {
      "value": "fhmhq6fe20i8h214e76t",
      "type": "string"
    },
    "vm_2_id": {
      "value": "fhma125b8o0utjb8an38",
      "type": "string"
    }
  },
  "resources": [
    {
      "mode": "data",
      "type": "yandex_compute_image",
      "name": "ubuntu",
      "provider": "provider[\"registry.terraform.io/yandex-cloud/yandex\"]",
      "instances": [
        {
          "schema_version": 0,
          "attributes": {
            "created_at": "2026-01-19T11:15:37Z",
            "description": "Ubuntu 22.04 lts v20260116030031",
            "family": "ubuntu-2204-lts",
            "folder_id": "standard-images",
            "hardware_generation": [
              {
                "generation2_features": [],
                "legacy_features": [
                  {
                    "pci_topology": "PCI_TOPOLOGY_V2"
                  }
                ]
              }
            ],
            "id": "fd8mmisarrj57od5613m",
            "image_id": "fd8mmisarrj57od5613m",
            "kms_key_id": null,
            "labels": {
              "version": "20260116030031",
              "x-hopper-operation-id": "d9prblu3qn55lflrsq43",
              "x-hopper-source-image-id": "fd8hfdf0dqpge2g29umv"
            },
            "min_disk_size": 8,
            "name": "ubuntu-22-04-lts-v20260119",
            "os_type": "linux",
            "pooled": true,
            "product_ids": [
              "f2eh44tmvlh0avfkhlrt"
            ],
            "size": 2,
            "status": "ready"
          },
          "sensitive_attributes": []
        }
      ]
    },
    {
      "mode": "managed",
      "type": "yandex_compute_disk",
      "name": "boot-disk-1",
      "provider": "provider[\"registry.terraform.io/yandex-cloud/yandex\"]",
      "instances": [
        {
          "schema_version": 0,
          "attributes": {
            "allow_recreate": null,
            "block_size": 4096,
            "created_at": "2026-01-23T06:53:32Z",
            "description": "",
            "disk_placement_policy": [
              {
                "disk_placement_group_id": ""
              }
            ],
            "folder_id": "b1g6knucgalsdsb2jc2d",
            "hardware_generation": [
              {
                "generation2_features": [],
                "legacy_features": [
                  {
                    "pci_topology": "PCI_TOPOLOGY_V2"
                  }
                ]
              }
            ],
            "id": "fhmmk012qcvi8rfgpfra",
            "image_id": "fd8mmisarrj57od5613m",
            "kms_key_id": null,
            "labels": null,
            "name": "boot-disk-1",
            "product_ids": [
              "f2eh44tmvlh0avfkhlrt"
            ],
            "size": 15,
            "snapshot_id": "",
            "status": "ready",
            "timeouts": null,
            "type": "network-hdd",
            "zone": "ru-central1-a"
          },
          "sensitive_attributes": [],
          "private": "eyJlMmJmYjczMC1lY2FhLTExZTYtOGY4OC0zNDM2M2JjN2M0YzAiOnsiY3JlYXRlIjozMDAwMDAwMDAwMDAsImRlbGV0ZSI6MzAwMDAwMDAwMDAwLCJ1cGRhdGUiOjMwMDAwMDAwMDAwMH19",
          "dependencies": [
            "data.yandex_compute_image.ubuntu"
          ]
        }
      ]
    },
    {
      "mode": "managed",
      "type": "yandex_compute_disk",
      "name": "boot-disk-2",
      "provider": "provider[\"registry.terraform.io/yandex-cloud/yandex\"]",
      "instances": [
        {
          "schema_version": 0,
          "attributes": {
            "allow_recreate": null,
            "block_size": 4096,
            "created_at": "2026-01-23T06:53:32Z",
            "description": "",
            "disk_placement_policy": [
              {
                "disk_placement_group_id": ""
              }
            ],
            "folder_id": "b1g6knucgalsdsb2jc2d",
            "hardware_generation": [
              {
                "generation2_features": [],
                "legacy_features": [
                  {
                    "pci_topology": "PCI_TOPOLOGY_V2"
                  }
                ]
              }
            ],
            "id": "fhmfbmj0od56kprd1igf",
            "image_id": "fd8mmisarrj57od5613m",
            "kms_key_id": null,
            "labels": null,
            "name": "boot-disk-2",
            "product_ids": [
              "f2eh44tmvlh0avfkhlrt"
            ],
            "size": 15,
            "snapshot_id": "",
            "status": "ready",
            "timeouts": null,
            "type": "network-hdd",
            "zone": "ru-central1-a"
          },
          "sensitive_attributes": [],
          "private": "eyJlMmJmYjczMC1lY2FhLTExZTYtOGY4OC0zNDM2M2JjN2M0YzAiOnsiY3JlYXRlIjozMDAwMDAwMDAwMDAsImRlbGV0ZSI6MzAwMDAwMDAwMDAwLCJ1cGRhdGUiOjMwMDAwMDAwMDAwMH19",
          "dependencies": [
            "data.yandex_compute_image.ubuntu"
          ]
        }
      ]
    },
    {
      "mode": "managed",
      "type": "yandex_compute_instance",
      "name": "vm-1",
      "provider": "provider[\"registry.terraform.io/yandex-cloud/yandex\"]",
      "instances": [
        {
          "schema_version": 1,
          "attributes": {
            "allow_recreate": null,
            "allow_stopping_for_update": null,
            "boot_disk": [
              {
                "auto_delete": true,
                "device_name": "fhmmk012qcvi8rfgpfra",
                "disk_id": "fhmmk012qcvi8rfgpfra",
                "initialize_params": [
                  {
                    "block_size": 4096,
                    "description": "",
                    "image_id": "fd8mmisarrj57od5613m",
                    "kms_key_id": "",
                    "name": "boot-disk-1",
                    "size": 15,
                    "snapshot_id": "",
                    "type": "network-hdd"
                  }
                ],
                "mode": "READ_WRITE"
              }
            ],
            "created_at": "2026-01-23T06:53:39Z",
            "description": "",
            "filesystem": [],
            "folder_id": "b1g6knucgalsdsb2jc2d",
            "fqdn": "fhmhq6fe20i8h214e76t.auto.internal",
            "gpu_cluster_id": "",
            "hardware_generation": [
              {
                "generation2_features": [],
                "legacy_features": [
                  {
                    "pci_topology": "PCI_TOPOLOGY_V2"
                  }
                ]
              }
            ],
            "hostname": "",
            "id": "fhmhq6fe20i8h214e76t",
            "labels": null,
            "local_disk": [],
            "maintenance_grace_period": "",
            "maintenance_policy": null,
            "metadata": {
              "user-data": "#cloud-config\nusers:\n  - name: admin\n    groups: sudo\n    shell: /bin/bash\n    sudo: 'ALL=(ALL) NOPASSWD:ALL'\n    ssh_authorized_keys:\n      - ssh-rsa AAAAB3NzaC1yc2EAAAADAQABAAACAQC0bzFI+Cg7NI+iIMzGWX5+NbopbKsf64wez6BdeqzVy3VpPMN6L/R73+L3KSVfosA63AQ6278G4igzTH9D3n9YXRol37bMK9ivlw5vKUJNEyExhy7uP87nYnR3XrAijzoZcCM0pCTvQQXdl6GKEF2iYXquYuXOWL/swIQCHJGaT7pZa/6ndYm6KaaAzKucC1Fb63EKZrsE1YrTKGqzc3on+tdhtBu4+ROHno+2H5DSCt7nJ0HZlkEgMt2sqS7blrJav01GcYUH8JYuRHFmvZJF5lgJh+d+edA/Rf41LoW8v02j1d4148b1KU5J1ef0DUV4DO0TEhvekfBGYJfZfo+sZBVqhiRawR1yLsaM+Vp79AoJ1SmKTJZdAB8CN9MR+345ZNxD/e5QtSPZsWIHAv+kMqEFlGjagTRb9S7YNtZ1/jO/KKVhxA4PAK0TIdBzXDnZFIwoMIjhjTKkqZhzkaLTlCSDxykxGcYgMUeYPCGer31fy8bGJWG/C7PReJkseVB20QnRvndR2axiInQAygV/uEYNtTj0SawmQ12RPGv2t4ShnTAjm8bYIlKKYYuMpSUdNpzN319SY7Tz6cB8oBXGTtwTjPrdOPaqSzdeIl9SZgyCUyVm8zxD43xlST7zU3DAFCfz4NfOLrkGTItEGjqqJzP5aCj97mnErGdhpsSmgw=="
            },
            "metadata_options": [
              {
                "aws_v1_http_endpoint": 1,
                "aws_v1_http_token": 2,
                "gce_http_endpoint": 1,
                "gce_http_token": 1
              }
            ],
            "name": "test-vm-1",
            "network_acceleration_type": "standard",
            "network_interface": [
              {
                "dns_record": [],
                "index": 0,
                "ip_address": "192.168.10.18",
                "ipv4": true,
                "ipv6": false,
                "ipv6_address": "",
                "ipv6_dns_record": [],
                "mac_address": "d0:0d:11:d1:9e:e1",
                "nat": true,
                "nat_dns_record": [],
                "nat_ip_address": "158.160.123.3",
                "nat_ip_version": "IPV4",
                "security_group_ids": null,
                "subnet_id": "e9b3q3h6lk357cd1ljal"
              }
            ],
            "placement_policy": [
              {
                "host_affinity_rules": [],
                "placement_group_id": "",
                "placement_group_partition": 0
              }
            ],
            "platform_id": "standard-v1",
            "resources": [
              {
                "core_fraction": 100,
                "cores": 2,
                "gpus": 0,
                "memory": 2
              }
            ],
            "scheduling_policy": [
              {
                "preemptible": false
              }
            ],
            "secondary_disk": [],
            "service_account_id": "",
            "status": "running",
            "timeouts": null,
            "zone": "ru-central1-a"
          },
          "sensitive_attributes": [],
          "private": "eyJlMmJmYjczMC1lY2FhLTExZTYtOGY4OC0zNDM2M2JjN2M0YzAiOnsiY3JlYXRlIjozMDAwMDAwMDAwMDAsImRlbGV0ZSI6MzAwMDAwMDAwMDAwLCJ1cGRhdGUiOjMwMDAwMDAwMDAwMH0sInNjaGVtYV92ZXJzaW9uIjoiMSJ9",
          "dependencies": [
            "data.yandex_compute_image.ubuntu",
            "yandex_compute_disk.boot-disk-1",
            "yandex_vpc_network.network-1",
            "yandex_vpc_subnet.subnet-1"
          ]
        }
      ]
    },
    {
      "mode": "managed",
      "type": "yandex_compute_instance",
      "name": "vm-2",
      "provider": "provider[\"registry.terraform.io/yandex-cloud/yandex\"]",
      "instances": [
        {
          "schema_version": 1,
          "attributes": {
            "allow_recreate": null,
            "allow_stopping_for_update": null,
            "boot_disk": [
              {
                "auto_delete": true,
                "device_name": "fhmfbmj0od56kprd1igf",
                "disk_id": "fhmfbmj0od56kprd1igf",
                "initialize_params": [
                  {
                    "block_size": 4096,
                    "description": "",
                    "image_id": "fd8mmisarrj57od5613m",
                    "kms_key_id": "",
                    "name": "boot-disk-2",
                    "size": 15,
                    "snapshot_id": "",
                    "type": "network-hdd"
                  }
                ],
                "mode": "READ_WRITE"
              }
            ],
            "created_at": "2026-01-23T06:53:38Z",
            "description": "",
            "filesystem": [],
            "folder_id": "b1g6knucgalsdsb2jc2d",
            "fqdn": "fhma125b8o0utjb8an38.auto.internal",
            "gpu_cluster_id": "",
            "hardware_generation": [
              {
                "generation2_features": [],
                "legacy_features": [
                  {
                    "pci_topology": "PCI_TOPOLOGY_V2"
                  }
                ]
              }
            ],
            "hostname": "",
            "id": "fhma125b8o0utjb8an38",
            "labels": null,
            "local_disk": [],
            "maintenance_grace_period": "",
            "maintenance_policy": null,
            "metadata": {
              "user-data": "#cloud-config\nusers:\n  - name: admin\n    groups: sudo\n    shell: /bin/bash\n    sudo: 'ALL=(ALL) NOPASSWD:ALL'\n    ssh_authorized_keys:\n      - ssh-rsa AAAAB3NzaC1yc2EAAAADAQABAAACAQC0bzFI+Cg7NI+iIMzGWX5+NbopbKsf64wez6BdeqzVy3VpPMN6L/R73+L3KSVfosA63AQ6278G4igzTH9D3n9YXRol37bMK9ivlw5vKUJNEyExhy7uP87nYnR3XrAijzoZcCM0pCTvQQXdl6GKEF2iYXquYuXOWL/swIQCHJGaT7pZa/6ndYm6KaaAzKucC1Fb63EKZrsE1YrTKGqzc3on+tdhtBu4+ROHno+2H5DSCt7nJ0HZlkEgMt2sqS7blrJav01GcYUH8JYuRHFmvZJF5lgJh+d+edA/Rf41LoW8v02j1d4148b1KU5J1ef0DUV4DO0TEhvekfBGYJfZfo+sZBVqhiRawR1yLsaM+Vp79AoJ1SmKTJZdAB8CN9MR+345ZNxD/e5QtSPZsWIHAv+kMqEFlGjagTRb9S7YNtZ1/jO/KKVhxA4PAK0TIdBzXDnZFIwoMIjhjTKkqZhzkaLTlCSDxykxGcYgMUeYPCGer31fy8bGJWG/C7PReJkseVB20QnRvndR2axiInQAygV/uEYNtTj0SawmQ12RPGv2t4ShnTAjm8bYIlKKYYuMpSUdNpzN319SY7Tz6cB8oBXGTtwTjPrdOPaqSzdeIl9SZgyCUyVm8zxD43xlST7zU3DAFCfz4NfOLrkGTItEGjqqJzP5aCj97mnErGdhpsSmgw=="
            },
            "metadata_options": [
              {
                "aws_v1_http_endpoint": 1,
                "aws_v1_http_token": 2,
                "gce_http_endpoint": 1,
                "gce_http_token": 1
              }
            ],
            "name": "test-vm-2",
            "network_acceleration_type": "standard",
            "network_interface": [
              {
                "dns_record": [],
                "index": 0,
                "ip_address": "192.168.10.33",
                "ipv4": true,
                "ipv6": false,
                "ipv6_address": "",
                "ipv6_dns_record": [],
                "mac_address": "d0:0d:a0:88:ab:46",
                "nat": true,
                "nat_dns_record": [],
                "nat_ip_address": "178.154.241.134",
                "nat_ip_version": "IPV4",
                "security_group_ids": null,
                "subnet_id": "e9b3q3h6lk357cd1ljal"
              }
            ],
            "placement_policy": [
              {
                "host_affinity_rules": [],
                "placement_group_id": "",
                "placement_group_partition": 0
              }
            ],
            "platform_id": "standard-v1",
            "resources": [
              {
                "core_fraction": 100,
                "cores": 4,
                "gpus": 0,
                "memory": 4
              }
            ],
            "scheduling_policy": [
              {
                "preemptible": false
              }
            ],
            "secondary_disk": [],
            "service_account_id": "",
            "status": "running",
            "timeouts": null,
            "zone": "ru-central1-a"
          },
          "sensitive_attributes": [],
          "private": "eyJlMmJmYjczMC1lY2FhLTExZTYtOGY4OC0zNDM2M2JjN2M0YzAiOnsiY3JlYXRlIjozMDAwMDAwMDAwMDAsImRlbGV0ZSI6MzAwMDAwMDAwMDAwLCJ1cGRhdGUiOjMwMDAwMDAwMDAwMH0sInNjaGVtYV92ZXJzaW9uIjoiMSJ9",
          "dependencies": [
            "data.yandex_compute_image.ubuntu",
            "yandex_compute_disk.boot-disk-2",
            "yandex_vpc_network.network-1",
            "yandex_vpc_subnet.subnet-1"
          ]
        }
      ]
    },
    {
      "mode": "managed",
      "type": "yandex_vpc_network",
      "name": "network-1",
      "provider": "provider[\"registry.terraform.io/yandex-cloud/yandex\"]",
      "instances": [
        {
          "schema_version": 0,
          "attributes": {
            "created_at": "2026-01-23T06:53:32Z",
            "default_security_group_id": "enpivctug6t2runt6vmn",
            "description": "",
            "folder_id": "b1g6knucgalsdsb2jc2d",
            "id": "enp02l9mia720jo4n821",
            "labels": {},
            "name": "network1",
            "subnet_ids": [],
            "timeouts": null
          },
          "sensitive_attributes": [],
          "private": "eyJlMmJmYjczMC1lY2FhLTExZTYtOGY4OC0zNDM2M2JjN2M0YzAiOnsiY3JlYXRlIjo2MDAwMDAwMDAwMCwiZGVsZXRlIjo2MDAwMDAwMDAwMCwidXBkYXRlIjo2MDAwMDAwMDAwMH19"
        }
      ]
    },
    {
      "mode": "managed",
      "type": "yandex_vpc_subnet",
      "name": "subnet-1",
      "provider": "provider[\"registry.terraform.io/yandex-cloud/yandex\"]",
      "instances": [
        {
          "schema_version": 0,
          "attributes": {
            "created_at": "2026-01-23T06:53:33Z",
            "description": "",
            "dhcp_options": [],
            "folder_id": "b1g6knucgalsdsb2jc2d",
            "id": "e9b3q3h6lk357cd1ljal",
            "labels": {},
            "name": "subnet1",
            "network_id": "enp02l9mia720jo4n821",
            "route_table_id": "",
            "timeouts": null,
            "v4_cidr_blocks": [
              "192.168.10.0/24"
            ],
            "v6_cidr_blocks": [],
            "zone": "ru-central1-a"
          },
          "sensitive_attributes": [],
          "private": "eyJlMmJmYjczMC1lY2FhLTExZTYtOGY4OC0zNDM2M2JjN2M0YzAiOnsiY3JlYXRlIjoxODAwMDAwMDAwMDAsImRlbGV0ZSI6MTgwMDAwMDAwMDAwLCJ1cGRhdGUiOjE4MDAwMDAwMDAwMH19",
          "dependencies": [
            "yandex_vpc_network.network-1"
          ]
        }
      ]
    }
  ],
  "check_results": null
}
